// !$*UTF8*$!
{
	archiveVersion = 1;
	classes = {
	};
	objectVersion = 55;
	objects = {

/* Begin PBXBuildFile section */
		818504F22B45BF57008EB707 /* Main.storyboard in Resources */ = {isa = PBXBuildFile; fileRef = 818504F12B45BF56008EB707 /* Main.storyboard */; };
		818504F42B45BF5B008EB707 /* LaunchScreen.storyboard in Resources */ = {isa = PBXBuildFile; fileRef = 818504F32B45BF5B008EB707 /* LaunchScreen.storyboard */; };
		9AA15AFE29D72631004AD241 /* AppDelegate.swift in Sources */ = {isa = PBXBuildFile; fileRef = 9AA15AFD29D72631004AD241 /* AppDelegate.swift */; };
		9AA15B0029D72631004AD241 /* SceneDelegate.swift in Sources */ = {isa = PBXBuildFile; fileRef = 9AA15AFF29D72631004AD241 /* SceneDelegate.swift */; };
		9AA15B0229D72631004AD241 /* ViewController.swift in Sources */ = {isa = PBXBuildFile; fileRef = 9AA15B0129D72631004AD241 /* ViewController.swift */; };
		9AA15B0729D72632004AD241 /* Assets.xcassets in Resources */ = {isa = PBXBuildFile; fileRef = 9AA15B0629D72632004AD241 /* Assets.xcassets */; };
		9AA15B1229D8570C004AD241 /* AlarmViewController.swift in Sources */ = {isa = PBXBuildFile; fileRef = 9AA15B1129D8570C004AD241 /* AlarmViewController.swift */; };
		9AA15B1429D85CB2004AD241 /* AlarmsTableViewCell.swift in Sources */ = {isa = PBXBuildFile; fileRef = 9AA15B1329D85CB2004AD241 /* AlarmsTableViewCell.swift */; };
		9AA15B1629D8800B004AD241 /* LocalNotification.swift in Sources */ = {isa = PBXBuildFile; fileRef = 9AA15B1529D8800B004AD241 /* LocalNotification.swift */; };
/* End PBXBuildFile section */

/* Begin PBXFileReference section */
		818504F12B45BF56008EB707 /* Main.storyboard */ = {isa = PBXFileReference; fileEncoding = 4; lastKnownFileType = file.storyboard; path = Main.storyboard; sourceTree = "<group>"; };
		818504F32B45BF5B008EB707 /* LaunchScreen.storyboard */ = {isa = PBXFileReference; fileEncoding = 4; lastKnownFileType = file.storyboard; path = LaunchScreen.storyboard; sourceTree = "<group>"; };
		9AA15AFA29D72631004AD241 /* Alarm-System.app */ = {isa = PBXFileReference; explicitFileType = wrapper.application; includeInIndex = 0; path = "Alarm-System.app"; sourceTree = BUILT_PRODUCTS_DIR; };
		9AA15AFD29D72631004AD241 /* AppDelegate.swift */ = {isa = PBXFileReference; lastKnownFileType = sourcecode.swift; path = AppDelegate.swift; sourceTree = "<group>"; };
		9AA15AFF29D72631004AD241 /* SceneDelegate.swift */ = {isa = PBXFileReference; lastKnownFileType = sourcecode.swift; path = SceneDelegate.swift; sourceTree = "<group>"; };
		9AA15B0129D72631004AD241 /* ViewController.swift */ = {isa = PBXFileReference; lastKnownFileType = sourcecode.swift; path = ViewController.swift; sourceTree = "<group>"; };
		9AA15B0629D72632004AD241 /* Assets.xcassets */ = {isa = PBXFileReference; lastKnownFileType = folder.assetcatalog; path = Assets.xcassets; sourceTree = "<group>"; };
		9AA15B0B29D72632004AD241 /* Info.plist */ = {isa = PBXFileReference; lastKnownFileType = text.plist.xml; path = Info.plist; sourceTree = "<group>"; };
		9AA15B1129D8570C004AD241 /* AlarmViewController.swift */ = {isa = PBXFileReference; lastKnownFileType = sourcecode.swift; path = AlarmViewController.swift; sourceTree = "<group>"; };
		9AA15B1329D85CB2004AD241 /* AlarmsTableViewCell.swift */ = {isa = PBXFileReference; lastKnownFileType = sourcecode.swift; path = AlarmsTableViewCell.swift; sourceTree = "<group>"; };
		9AA15B1529D8800B004AD241 /* LocalNotification.swift */ = {isa = PBXFileReference; lastKnownFileType = sourcecode.swift; path = LocalNotification.swift; sourceTree = "<group>"; };
/* End PBXFileReference section */

/* Begin PBXFrameworksBuildPhase section */
		9AA15AF729D72631004AD241 /* Frameworks */ = {
			isa = PBXFrameworksBuildPhase;
			buildActionMask = 2147483647;
			files = (
			);
			runOnlyForDeploymentPostprocessing = 0;
		};
/* End PBXFrameworksBuildPhase section */

/* Begin PBXGroup section */
		818504F52B45BF65008EB707 /* Application */ = {
			isa = PBXGroup;
			children = (
				9AA15AFD29D72631004AD241 /* AppDelegate.swift */,
				9AA15AFF29D72631004AD241 /* SceneDelegate.swift */,
			);
			path = Application;
			sourceTree = "<group>";
		};
		818504F62B45BF75008EB707 /* Supporting Files */ = {
			isa = PBXGroup;
			children = (
				9AA15B0629D72632004AD241 /* Assets.xcassets */,
				818504F32B45BF5B008EB707 /* LaunchScreen.storyboard */,
				818504F12B45BF56008EB707 /* Main.storyboard */,
			);
			path = "Supporting Files";
			sourceTree = "<group>";
		};
		818504F72B45BF9E008EB707 /* View */ = {
			isa = PBXGroup;
			children = (
				9AA15B1329D85CB2004AD241 /* AlarmsTableViewCell.swift */,
			);
			path = View;
			sourceTree = "<group>";
		};
		818504F82B45BFA3008EB707 /* Model */ = {
			isa = PBXGroup;
			children = (
				9AA15B1529D8800B004AD241 /* LocalNotification.swift */,
			);
			path = Model;
			sourceTree = "<group>";
		};
		818504F92B45BFB8008EB707 /* Controller */ = {
			isa = PBXGroup;
			children = (
				9AA15B0129D72631004AD241 /* ViewController.swift */,
				9AA15B1129D8570C004AD241 /* AlarmViewController.swift */,
			);
			path = Controller;
			sourceTree = "<group>";
		};
		9AA15AF129D72631004AD241 = {
			isa = PBXGroup;
			children = (
				9AA15AFC29D72631004AD241 /* Alarm-System */,
				9AA15AFB29D72631004AD241 /* Products */,
			);
			sourceTree = "<group>";
		};
		9AA15AFB29D72631004AD241 /* Products */ = {
			isa = PBXGroup;
			children = (
				9AA15AFA29D72631004AD241 /* Alarm-System.app */,
			);
			name = Products;
			sourceTree = "<group>";
		};
		9AA15AFC29D72631004AD241 /* Alarm-System */ = {
			isa = PBXGroup;
			children = (
				818504F52B45BF65008EB707 /* Application */,
				818504F62B45BF75008EB707 /* Supporting Files */,
				818504F82B45BFA3008EB707 /* Model */,
				818504F72B45BF9E008EB707 /* View */,
				9AA15B0B29D72632004AD241 /* Info.plist */,
				818504F92B45BFB8008EB707 /* Controller */,
			);
			path = "Alarm-System";
			sourceTree = "<group>";
		};
/* End PBXGroup section */

/* Begin PBXNativeTarget section */
		9AA15AF929D72631004AD241 /* Alarm-System */ = {
			isa = PBXNativeTarget;
			buildConfigurationList = 9AA15B0E29D72632004AD241 /* Build configuration list for PBXNativeTarget "Alarm-System" */;
			buildPhases = (
				9AA15AF629D72631004AD241 /* Sources */,
				9AA15AF729D72631004AD241 /* Frameworks */,
				9AA15AF829D72631004AD241 /* Resources */,
			);
			buildRules = (
			);
			dependencies = (
			);
			name = "Alarm-System";
			productName = "Alarm-System";
			productReference = 9AA15AFA29D72631004AD241 /* Alarm-System.app */;
			productType = "com.apple.product-type.application";
		};
/* End PBXNativeTarget section */

/* Begin PBXProject section */
		9AA15AF229D72631004AD241 /* Project object */ = {
			isa = PBXProject;
			attributes = {
				BuildIndependentTargetsInParallel = 1;
				LastSwiftUpdateCheck = 1300;
				LastUpgradeCheck = 1300;
				TargetAttributes = {
					9AA15AF929D72631004AD241 = {
						CreatedOnToolsVersion = 13.0;
					};
				};
			};
			buildConfigurationList = 9AA15AF529D72631004AD241 /* Build configuration list for PBXProject "Alarm-System" */;
			compatibilityVersion = "Xcode 13.0";
			developmentRegion = en;
			hasScannedForEncodings = 0;
			knownRegions = (
				en,
				Base,
			);
			mainGroup = 9AA15AF129D72631004AD241;
			productRefGroup = 9AA15AFB29D72631004AD241 /* Products */;
			projectDirPath = "";
			projectRoot = "";
			targets = (
				9AA15AF929D72631004AD241 /* Alarm-System */,
			);
		};
/* End PBXProject section */

/* Begin PBXResourcesBuildPhase section */
		9AA15AF829D72631004AD241 /* Resources */ = {
			isa = PBXResourcesBuildPhase;
			buildActionMask = 2147483647;
			files = (
				818504F42B45BF5B008EB707 /* LaunchScreen.storyboard in Resources */,
				9AA15B0729D72632004AD241 /* Assets.xcassets in Resources */,
				818504F22B45BF57008EB707 /* Main.storyboard in Resources */,
			);
			runOnlyForDeploymentPostprocessing = 0;
		};
/* End PBXResourcesBuildPhase section */

/* Begin PBXSourcesBuildPhase section */
		9AA15AF629D72631004AD241 /* Sources */ = {
			isa = PBXSourcesBuildPhase;
			buildActionMask = 2147483647;
			files = (
				9AA15B1229D8570C004AD241 /* AlarmViewController.swift in Sources */,
				9AA15B0229D72631004AD241 /* ViewController.swift in Sources */,
				9AA15B1629D8800B004AD241 /* LocalNotification.swift in Sources */,
				9AA15B1429D85CB2004AD241 /* AlarmsTableViewCell.swift in Sources */,
				9AA15AFE29D72631004AD241 /* AppDelegate.swift in Sources */,
				9AA15B0029D72631004AD241 /* SceneDelegate.swift in Sources */,
			);
			runOnlyForDeploymentPostprocessing = 0;
		};
/* End PBXSourcesBuildPhase section */

/* Begin XCBuildConfiguration section */
		9AA15B0C29D72632004AD241 /* Debug */ = {
			isa = XCBuildConfiguration;
			buildSettings = {
				ALWAYS_SEARCH_USER_PATHS = NO;
				CLANG_ANALYZER_NONNULL = YES;
				CLANG_ANALYZER_NUMBER_OBJECT_CONVERSION = YES_AGGRESSIVE;
				CLANG_CXX_LANGUAGE_STANDARD = "gnu++17";
				CLANG_CXX_LIBRARY = "libc++";
				CLANG_ENABLE_MODULES = YES;
				CLANG_ENABLE_OBJC_ARC = YES;
				CLANG_ENABLE_OBJC_WEAK = YES;
				CLANG_WARN_BLOCK_CAPTURE_AUTORELEASING = YES;
				CLANG_WARN_BOOL_CONVERSION = YES;
				CLANG_WARN_COMMA = YES;
				CLANG_WARN_CONSTANT_CONVERSION = YES;
				CLANG_WARN_DEPRECATED_OBJC_IMPLEMENTATIONS = YES;
				CLANG_WARN_DIRECT_OBJC_ISA_USAGE = YES_ERROR;
				CLANG_WARN_DOCUMENTATION_COMMENTS = YES;
				CLANG_WARN_EMPTY_BODY = YES;
				CLANG_WARN_ENUM_CONVERSION = YES;
				CLANG_WARN_INFINITE_RECURSION = YES;
				CLANG_WARN_INT_CONVERSION = YES;
				CLANG_WARN_NON_LITERAL_NULL_CONVERSION = YES;
				CLANG_WARN_OBJC_IMPLICIT_RETAIN_SELF = YES;
				CLANG_WARN_OBJC_LITERAL_CONVERSION = YES;
				CLANG_WARN_OBJC_ROOT_CLASS = YES_ERROR;
				CLANG_WARN_QUOTED_INCLUDE_IN_FRAMEWORK_HEADER = YES;
				CLANG_WARN_RANGE_LOOP_ANALYSIS = YES;
				CLANG_WARN_STRICT_PROTOTYPES = YES;
				CLANG_WARN_SUSPICIOUS_MOVE = YES;
				CLANG_WARN_UNGUARDED_AVAILABILITY = YES_AGGRESSIVE;
				CLANG_WARN_UNREACHABLE_CODE = YES;
				CLANG_WARN__DUPLICATE_METHOD_MATCH = YES;
				COPY_PHASE_STRIP = NO;
				DEBUG_INFORMATION_FORMAT = dwarf;
				ENABLE_STRICT_OBJC_MSGSEND = YES;
				ENABLE_TESTABILITY = YES;
				GCC_C_LANGUAGE_STANDARD = gnu11;
				GCC_DYNAMIC_NO_PIC = NO;
				GCC_NO_COMMON_BLOCKS = YES;
				GCC_OPTIMIZATION_LEVEL = 0;
				GCC_PREPROCESSOR_DEFINITIONS = (
					"DEBUG=1",
					"$(inherited)",
				);
				GCC_WARN_64_TO_32_BIT_CONVERSION = YES;
				GCC_WARN_ABOUT_RETURN_TYPE = YES_ERROR;
				GCC_WARN_UNDECLARED_SELECTOR = YES;
				GCC_WARN_UNINITIALIZED_AUTOS = YES_AGGRESSIVE;
				GCC_WARN_UNUSED_FUNCTION = YES;
				GCC_WARN_UNUSED_VARIABLE = YES;
				IPHONEOS_DEPLOYMENT_TARGET = 15.0;
				MTL_ENABLE_DEBUG_INFO = INCLUDE_SOURCE;
				MTL_FAST_MATH = YES;
				ONLY_ACTIVE_ARCH = YES;
				SDKROOT = iphoneos;
				SWIFT_ACTIVE_COMPILATION_CONDITIONS = DEBUG;
				SWIFT_OPTIMIZATION_LEVEL = "-Onone";
			};
			name = Debug;
		};
		9AA15B0D29D72632004AD241 /* Release */ = {
			isa = XCBuildConfiguration;
			buildSettings = {
				ALWAYS_SEARCH_USER_PATHS = NO;
				CLANG_ANALYZER_NONNULL = YES;
				CLANG_ANALYZER_NUMBER_OBJECT_CONVERSION = YES_AGGRESSIVE;
				CLANG_CXX_LANGUAGE_STANDARD = "gnu++17";
				CLANG_CXX_LIBRARY = "libc++";
				CLANG_ENABLE_MODULES = YES;
				CLANG_ENABLE_OBJC_ARC = YES;
				CLANG_ENABLE_OBJC_WEAK = YES;
				CLANG_WARN_BLOCK_CAPTURE_AUTORELEASING = YES;
				CLANG_WARN_BOOL_CONVERSION = YES;
				CLANG_WARN_COMMA = YES;
				CLANG_WARN_CONSTANT_CONVERSION = YES;
				CLANG_WARN_DEPRECATED_OBJC_IMPLEMENTATIONS = YES;
				CLANG_WARN_DIRECT_OBJC_ISA_USAGE = YES_ERROR;
				CLANG_WARN_DOCUMENTATION_COMMENTS = YES;
				CLANG_WARN_EMPTY_BODY = YES;
				CLANG_WARN_ENUM_CONVERSION = YES;
				CLANG_WARN_INFINITE_RECURSION = YES;
				CLANG_WARN_INT_CONVERSION = YES;
				CLANG_WARN_NON_LITERAL_NULL_CONVERSION = YES;
				CLANG_WARN_OBJC_IMPLICIT_RETAIN_SELF = YES;
				CLANG_WARN_OBJC_LITERAL_CONVERSION = YES;
				CLANG_WARN_OBJC_ROOT_CLASS = YES_ERROR;
				CLANG_WARN_QUOTED_INCLUDE_IN_FRAMEWORK_HEADER = YES;
				CLANG_WARN_RANGE_LOOP_ANALYSIS = YES;
				CLANG_WARN_STRICT_PROTOTYPES = YES;
				CLANG_WARN_SUSPICIOUS_MOVE = YES;
				CLANG_WARN_UNGUARDED_AVAILABILITY = YES_AGGRESSIVE;
				CLANG_WARN_UNREACHABLE_CODE = YES;
				CLANG_WARN__DUPLICATE_METHOD_MATCH = YES;
				COPY_PHASE_STRIP = NO;
				DEBUG_INFORMATION_FORMAT = "dwarf-with-dsym";
				ENABLE_NS_ASSERTIONS = NO;
				ENABLE_STRICT_OBJC_MSGSEND = YES;
				GCC_C_LANGUAGE_STANDARD = gnu11;
				GCC_NO_COMMON_BLOCKS = YES;
				GCC_WARN_64_TO_32_BIT_CONVERSION = YES;
				GCC_WARN_ABOUT_RETURN_TYPE = YES_ERROR;
				GCC_WARN_UNDECLARED_SELECTOR = YES;
				GCC_WARN_UNINITIALIZED_AUTOS = YES_AGGRESSIVE;
				GCC_WARN_UNUSED_FUNCTION = YES;
				GCC_WARN_UNUSED_VARIABLE = YES;
				IPHONEOS_DEPLOYMENT_TARGET = 15.0;
				MTL_ENABLE_DEBUG_INFO = NO;
				MTL_FAST_MATH = YES;
				SDKROOT = iphoneos;
				SWIFT_COMPILATION_MODE = wholemodule;
				SWIFT_OPTIMIZATION_LEVEL = "-O";
				VALIDATE_PRODUCT = YES;
			};
			name = Release;
		};
		9AA15B0F29D72632004AD241 /* Debug */ = {
			isa = XCBuildConfiguration;
			buildSettings = {
				ASSETCATALOG_COMPILER_APPICON_NAME = AppIcon;
				ASSETCATALOG_COMPILER_GLOBAL_ACCENT_COLOR_NAME = AccentColor;
				CODE_SIGN_STYLE = Automatic;
				CURRENT_PROJECT_VERSION = 1;
				GENERATE_INFOPLIST_FILE = YES;
				INFOPLIST_FILE = "Alarm-System/Info.plist";
				INFOPLIST_KEY_UIApplicationSupportsIndirectInputEvents = YES;
				INFOPLIST_KEY_UILaunchStoryboardName = LaunchScreen;
				INFOPLIST_KEY_UIMainStoryboardFile = Main;
				INFOPLIST_KEY_UISupportedInterfaceOrientations_iPad = "UIInterfaceOrientationPortrait UIInterfaceOrientationPortraitUpsideDown UIInterfaceOrientationLandscapeLeft UIInterfaceOrientationLandscapeRight";
				INFOPLIST_KEY_UISupportedInterfaceOrientations_iPhone = "UIInterfaceOrientationPortrait UIInterfaceOrientationLandscapeLeft UIInterfaceOrientationLandscapeRight";
				LD_RUNPATH_SEARCH_PATHS = (
					"$(inherited)",
					"@executable_path/Frameworks",
				);
				MARKETING_VERSION = 1.0;
				PRODUCT_BUNDLE_IDENTIFIER = "sahilSampleApp.Alarm-System";
				PRODUCT_NAME = "$(TARGET_NAME)";
				SWIFT_EMIT_LOC_STRINGS = YES;
				SWIFT_VERSION = 5.0;
				TARGETED_DEVICE_FAMILY = "1,2";
			};
			name = Debug;
		};
		9AA15B1029D72632004AD241 /* Release */ = {
			isa = XCBuildConfiguration;
			buildSettings = {
				ASSETCATALOG_COMPILER_APPICON_NAME = AppIcon;
				ASSETCATALOG_COMPILER_GLOBAL_ACCENT_COLOR_NAME = AccentColor;
				CODE_SIGN_STYLE = Automatic;
				CURRENT_PROJECT_VERSION = 1;
				GENERATE_INFOPLIST_FILE = YES;
				INFOPLIST_FILE = "Alarm-System/Info.plist";
				INFOPLIST_KEY_UIApplicationSupportsIndirectInputEvents = YES;
				INFOPLIST_KEY_UILaunchStoryboardName = LaunchScreen;
				INFOPLIST_KEY_UIMainStoryboardFile = Main;
				INFOPLIST_KEY_UISupportedInterfaceOrientations_iPad = "UIInterfaceOrientationPortrait UIInterfaceOrientationPortraitUpsideDown UIInterfaceOrientationLandscapeLeft UIInterfaceOrientationLandscapeRight";
				INFOPLIST_KEY_UISupportedInterfaceOrientations_iPhone = "UIInterfaceOrientationPortrait UIInterfaceOrientationLandscapeLeft UIInterfaceOrientationLandscapeRight";
				LD_RUNPATH_SEARCH_PATHS = (
					"$(inherited)",
					"@executable_path/Frameworks",
				);
				MARKETING_VERSION = 1.0;
				PRODUCT_BUNDLE_IDENTIFIER = "sahilSampleApp.Alarm-System";
				PRODUCT_NAME = "$(TARGET_NAME)";
				SWIFT_EMIT_LOC_STRINGS = YES;
				SWIFT_VERSION = 5.0;
				TARGETED_DEVICE_FAMILY = "1,2";
			};
			name = Release;
		};
/* End XCBuildConfiguration section */

/* Begin XCConfigurationList section */
		9AA15AF529D72631004AD241 /* Build configuration list for PBXProject "Alarm-System" */ = {
			isa = XCConfigurationList;
			buildConfigurations = (
				9AA15B0C29D72632004AD241 /* Debug */,
				9AA15B0D29D72632004AD241 /* Release */,
			);
			defaultConfigurationIsVisible = 0;
			defaultConfigurationName = Release;
		};
		9AA15B0E29D72632004AD241 /* Build configuration list for PBXNativeTarget "Alarm-System" */ = {
			isa = XCConfigurationList;
			buildConfigurations = (
				9AA15B0F29D72632004AD241 /* Debug */,
				9AA15B1029D72632004AD241 /* Release */,
			);
			defaultConfigurationIsVisible = 0;
			defaultConfigurationName = Release;
		};
/* End XCConfigurationList section */
	};
	rootObject = 9AA15AF229D72631004AD241 /* Project object */;
}
